<?xml version="1.0" encoding="utf-8"?>
<Project ToolsVersion="4.0" xmlns="http://schemas.microsoft.com/developer/msbuild/2003">
  <ItemGroup>
    <Filter Include="Hawk">
      <UniqueIdentifier>{3037867C-1C6E-870D-C55A-6D10B170030F}</UniqueIdentifier>
    </Filter>
    <Filter Include="Hawk\Events">
      <UniqueIdentifier>{14ED4FA6-80A2-C89B-0997-C272754BBF9F}</UniqueIdentifier>
    </Filter>
  </ItemGroup>
  <ItemGroup>
    <ClInclude Include="src\Hawk.h" />
    <ClInclude Include="src\Hawk\Application.h">
      <Filter>Hawk</Filter>
    </ClInclude>
    <ClInclude Include="src\Hawk\Core.h">
      <Filter>Hawk</Filter>
    </ClInclude>
    <ClInclude Include="src\Hawk\EntryPoint.h">
      <Filter>Hawk</Filter>
    </ClInclude>
    <ClInclude Include="src\Hawk\Events\ApplicationEvent.h">
      <Filter>Hawk\Events</Filter>
    </ClInclude>
    <ClInclude Include="src\Hawk\Events\Event.h">
      <Filter>Hawk\Events</Filter>
    </ClInclude>
    <ClInclude Include="src\Hawk\Events\KeyEvent.h">
      <Filter>Hawk\Events</Filter>
    </ClInclude>
    <ClInclude Include="src\Hawk\Events\MouseEvent.h">
      <Filter>Hawk\Events</Filter>
    </ClInclude>
    <ClInclude Include="src\Hawk\Log.h">
      <Filter>Hawk</Filter>
    </ClInclude>
  </ItemGroup>
  <ItemGroup>
    <ClCompile Include="src\Hawk\Application.cpp">
      <Filter>Hawk</Filter>
    </ClCompile>
    <ClCompile Include="src\Hawk\Log.cpp">
      <Filter>Hawk</Filter>
    </ClCompile>
  </ItemGroup>
</Project>