
Microsoft Visual Studio Solution File, Format Version 12.00
# Visual Studio Version 17
VisualStudioVersion = 17.6.33815.320
MinimumVisualStudioVersion = 10.0.40219.1
Project("{8BC9CEB8-8B4A-11D0-8D11-00A0C91BC942}") = "Sandbox", "Sandbox\Sandbox.vcxproj", "{84194AFE-9A24-4581-B55E-E26BCFB4DD64}"
EndProject
Project("{8BC9CEB8-8B4A-11D0-8D11-00A0C91BC942}") = "Hawk", "Hawk\Hawk.vcxproj", "{D3E6C183-C091-4CA3-9F4D-EA725ED5EF98}"
EndProject
Global
	GlobalSection(SolutionConfigurationPlatforms) = preSolution
		Debug|x64 = Debug|x64
		Release|x64 = Release|x64
	EndGlobalSection
	GlobalSection(ProjectConfigurationPlatforms) = postSolution
		{84194AFE-9A24-4581-B55E-E26BCFB4DD64}.Debug|x64.ActiveCfg = Debug|x64
		{84194AFE-9A24-4581-B55E-E26BCFB4DD64}.Debug|x64.Build.0 = Debug|x64
		{84194AFE-9A24-4581-B55E-E26BCFB4DD64}.Release|x64.ActiveCfg = Release|x64
		{84194AFE-9A24-4581-B55E-E26BCFB4DD64}.Release|x64.Build.0 = Release|x64
		{D3E6C183-C091-4CA3-9F4D-EA725ED5EF98}.Debug|x64.ActiveCfg = Debug|x64
		{D3E6C183-C091-4CA3-9F4D-EA725ED5EF98}.Debug|x64.Build.0 = Debug|x64
		{D3E6C183-C091-4CA3-9F4D-EA725ED5EF98}.Release|x64.ActiveCfg = Release|x64
		{D3E6C183-C091-4CA3-9F4D-EA725ED5EF98}.Release|x64.Build.0 = Release|x64
	EndGlobalSection
	GlobalSection(SolutionProperties) = preSolution
		HideSolutionNode = FALSE
	EndGlobalSection
	GlobalSection(ExtensibilityGlobals) = postSolution
		SolutionGuid = {A586DE61-642C-47CF-B138-C89CEBAA0F1F}
	EndGlobalSection
EndGlobal
